
Microsoft Visual Studio Solution File, Format Version 12.00
# Visual Studio Version 17
VisualStudioVersion = 17.9.34728.123
MinimumVisualStudioVersion = 10.0.40219.1
Project("{FAE04EC0-301F-11D3-BF4B-00C04F79EFBC}") = "FStep", "FStep\FStep.csproj", "{D1BAB9CF-C6F6-4C21-A0C1-42F68244B907}"
EndProject
Global
	GlobalSection(SolutionConfigurationPlatforms) = preSolution
		Debug|Any CPU = Debug|Any CPU
		Release|Any CPU = Release|Any CPU
	EndGlobalSection
	GlobalSection(ProjectConfigurationPlatforms) = postSolution
		{D1BAB9CF-C6F6-4C21-A0C1-42F68244B907}.Debug|Any CPU.ActiveCfg = Debug|Any CPU
		{D1BAB9CF-C6F6-4C21-A0C1-42F68244B907}.Debug|Any CPU.Build.0 = Debug|Any CPU
		{D1BAB9CF-C6F6-4C21-A0C1-42F68244B907}.Release|Any CPU.ActiveCfg = Release|Any CPU
		{D1BAB9CF-C6F6-4C21-A0C1-42F68244B907}.Release|Any CPU.Build.0 = Release|Any CPU
	EndGlobalSection
	GlobalSection(SolutionProperties) = preSolution
		HideSolutionNode = FALSE
	EndGlobalSection
	GlobalSection(ExtensibilityGlobals) = postSolution
		SolutionGuid = {2F4172B3-0CF9-4C25-A1EE-39EC10EB18FB}
	EndGlobalSection
EndGlobal
